
Microsoft Visual Studio Solution File, Format Version 12.00
# Visual Studio 2012
Project("{F184B08F-C81C-45F6-A57F-5ABD9991F28F}") = "Icm.ConsoleMvc", "Icm.ConsoleMvc\Icm.ConsoleMvc.vbproj", "{9B76F4BD-5789-4318-AEAC-22D9AEBC91A0}"
EndProject
Project("{F184B08F-C81C-45F6-A57F-5ABD9991F28F}") = "Icm.ConsoleMvc.Tests", "Icm.ConsoleMvc.Tests\Icm.ConsoleMvc.Tests\Icm.ConsoleMvc.Tests.vbproj", "{B13F5CD0-AC1C-4340-8886-0328E32FE43B}"
EndProject
Project("{2150E333-8FDC-42A3-9474-1A3956D46DE8}") = ".nuget", ".nuget", "{F636AC69-9DFB-4E27-8F6B-92E3D16429FD}"
	ProjectSection(SolutionItems) = preProject
		.nuget\NuGet.Config = .nuget\NuGet.Config
		.nuget\NuGet.exe = .nuget\NuGet.exe
		.nuget\NuGet.targets = .nuget\NuGet.targets
	EndProjectSection
EndProject
Project("{F184B08F-C81C-45F6-A57F-5ABD9991F28F}") = "Icm.ConsoleMvc.Example", "Icm.ConsoleMvc.Example\Icm.ConsoleMvc.Example.vbproj", "{5462CE77-428F-4D19-A4B2-5B726859B439}"
EndProject
Global
	GlobalSection(SolutionConfigurationPlatforms) = preSolution
		Debug|Any CPU = Debug|Any CPU
		Release|Any CPU = Release|Any CPU
	EndGlobalSection
	GlobalSection(ProjectConfigurationPlatforms) = postSolution
		{9B76F4BD-5789-4318-AEAC-22D9AEBC91A0}.Debug|Any CPU.ActiveCfg = Debug|Any CPU
		{9B76F4BD-5789-4318-AEAC-22D9AEBC91A0}.Debug|Any CPU.Build.0 = Debug|Any CPU
		{9B76F4BD-5789-4318-AEAC-22D9AEBC91A0}.Release|Any CPU.ActiveCfg = Release|Any CPU
		{9B76F4BD-5789-4318-AEAC-22D9AEBC91A0}.Release|Any CPU.Build.0 = Release|Any CPU
		{B13F5CD0-AC1C-4340-8886-0328E32FE43B}.Debug|Any CPU.ActiveCfg = Debug|Any CPU
		{B13F5CD0-AC1C-4340-8886-0328E32FE43B}.Debug|Any CPU.Build.0 = Debug|Any CPU
		{B13F5CD0-AC1C-4340-8886-0328E32FE43B}.Release|Any CPU.ActiveCfg = Release|Any CPU
		{B13F5CD0-AC1C-4340-8886-0328E32FE43B}.Release|Any CPU.Build.0 = Release|Any CPU
		{5462CE77-428F-4D19-A4B2-5B726859B439}.Debug|Any CPU.ActiveCfg = Debug|Any CPU
		{5462CE77-428F-4D19-A4B2-5B726859B439}.Debug|Any CPU.Build.0 = Debug|Any CPU
		{5462CE77-428F-4D19-A4B2-5B726859B439}.Release|Any CPU.ActiveCfg = Release|Any CPU
		{5462CE77-428F-4D19-A4B2-5B726859B439}.Release|Any CPU.Build.0 = Release|Any CPU
	EndGlobalSection
	GlobalSection(SolutionProperties) = preSolution
		HideSolutionNode = FALSE
	EndGlobalSection
EndGlobal
